
Microsoft Visual Studio Solution File, Format Version 12.00
# Visual Studio 2012
Project("{FAE04EC0-301F-11D3-BF4B-00C04F79EFBC}") = "SasquatchCAIRS", "SasquatchCAIRS\SasquatchCAIRS.csproj", "{13C99E73-2753-42D9-9651-333E1600B7F7}"
EndProject
Global
	GlobalSection(SolutionConfigurationPlatforms) = preSolution
		Debug|Any CPU = Debug|Any CPU
		Release|Any CPU = Release|Any CPU
	EndGlobalSection
	GlobalSection(ProjectConfigurationPlatforms) = postSolution
		{13C99E73-2753-42D9-9651-333E1600B7F7}.Debug|Any CPU.ActiveCfg = Debug|Any CPU
		{13C99E73-2753-42D9-9651-333E1600B7F7}.Debug|Any CPU.Build.0 = Debug|Any CPU
		{13C99E73-2753-42D9-9651-333E1600B7F7}.Release|Any CPU.ActiveCfg = Release|Any CPU
		{13C99E73-2753-42D9-9651-333E1600B7F7}.Release|Any CPU.Build.0 = Release|Any CPU
	EndGlobalSection
	GlobalSection(SolutionProperties) = preSolution
		HideSolutionNode = FALSE
	EndGlobalSection
EndGlobal
