
Microsoft Visual Studio Solution File, Format Version 12.00
# Visual Studio 2012
Project("{FAE04EC0-301F-11D3-BF4B-00C04F79EFBC}") = "SasquatchCAIRS", "SasquatchCAIRS\SasquatchCAIRS.csproj", "{13C99E73-2753-42D9-9651-333E1600B7F7}"
EndProject
Project("{7CF6DF6D-3B04-46F8-A40B-537D21BCA0B4}") = "Docs", "Docs\Docs.shfbproj", "{30271F99-33F6-475A-86C5-D07866B362A6}"
EndProject
Global
	GlobalSection(SolutionConfigurationPlatforms) = preSolution
		Debug|Any CPU = Debug|Any CPU
		Release|Any CPU = Release|Any CPU
	EndGlobalSection
	GlobalSection(ProjectConfigurationPlatforms) = postSolution
		{13C99E73-2753-42D9-9651-333E1600B7F7}.Debug|Any CPU.ActiveCfg = Debug|Any CPU
		{13C99E73-2753-42D9-9651-333E1600B7F7}.Debug|Any CPU.Build.0 = Debug|Any CPU
		{13C99E73-2753-42D9-9651-333E1600B7F7}.Release|Any CPU.ActiveCfg = Release|Any CPU
		{13C99E73-2753-42D9-9651-333E1600B7F7}.Release|Any CPU.Build.0 = Release|Any CPU
		{30271F99-33F6-475A-86C5-D07866B362A6}.Debug|Any CPU.ActiveCfg = Debug|Any CPU
		{30271F99-33F6-475A-86C5-D07866B362A6}.Debug|Any CPU.Build.0 = Debug|Any CPU
		{30271F99-33F6-475A-86C5-D07866B362A6}.Release|Any CPU.ActiveCfg = Release|Any CPU
		{30271F99-33F6-475A-86C5-D07866B362A6}.Release|Any CPU.Build.0 = Release|Any CPU
	EndGlobalSection
	GlobalSection(SolutionProperties) = preSolution
		HideSolutionNode = FALSE
	EndGlobalSection
	GlobalSection(CodealikeProperties) = postSolution
		SolutionGuid = 3eda407a-9ee2-4b3f-8332-748ab5078489
	EndGlobalSection
EndGlobal
