
Microsoft Visual Studio Solution File, Format Version 12.00
# Visual Studio 2012
Project("{FAE04EC0-301F-11D3-BF4B-00C04F79EFBC}") = "CAIRSMigrationTool", "CAIRSMigrationTool\CAIRSMigrationTool.csproj", "{78FF6323-2B91-441E-8147-F93DD69FBD64}"
EndProject
Global
	GlobalSection(SolutionConfigurationPlatforms) = preSolution
		Debug|Any CPU = Debug|Any CPU
		Release|Any CPU = Release|Any CPU
	EndGlobalSection
	GlobalSection(ProjectConfigurationPlatforms) = postSolution
		{78FF6323-2B91-441E-8147-F93DD69FBD64}.Debug|Any CPU.ActiveCfg = Debug|Any CPU
		{78FF6323-2B91-441E-8147-F93DD69FBD64}.Debug|Any CPU.Build.0 = Debug|Any CPU
		{78FF6323-2B91-441E-8147-F93DD69FBD64}.Release|Any CPU.ActiveCfg = Release|Any CPU
		{78FF6323-2B91-441E-8147-F93DD69FBD64}.Release|Any CPU.Build.0 = Release|Any CPU
	EndGlobalSection
	GlobalSection(SolutionProperties) = preSolution
		HideSolutionNode = FALSE
	EndGlobalSection
EndGlobal
